
Microsoft Visual Studio Solution File, Format Version 12.00
# Visual Studio Version 17
VisualStudioVersion = 17.1.32414.318
MinimumVisualStudioVersion = 10.0.40219.1
Project("{9A19103F-16F7-4668-BE54-9A1E7A4F7556}") = "Litethinking.NetInventory.Backend.Infraestructure", "CleanArchitecture.Data\Litethinking.NetInventory.Backend.Infraestructure.csproj", "{AE51301E-611F-451A-8385-DC15FDF5DA2D}"
EndProject
Project("{9A19103F-16F7-4668-BE54-9A1E7A4F7556}") = "Litethinking.NetInventory.Backend.Domain", "CleanArchitecture.Domain\Litethinking.NetInventory.Backend.Domain.csproj", "{336B1235-2D2A-4563-9E09-39DB29C238F2}"
EndProject
Project("{2150E333-8FDC-42A3-9474-1A3956D46DE8}") = "src", "src", "{E28121F4-2546-4BA8-9D64-52C0853F6F70}"
EndProject
Project("{2150E333-8FDC-42A3-9474-1A3956D46DE8}") = "doc", "doc", "{19A6C0A7-810F-4CF3-9EF2-54EAD9CFDF82}"
EndProject
Project("{2150E333-8FDC-42A3-9474-1A3956D46DE8}") = "test", "test", "{F0F165CB-5A98-4098-A596-A0BB8B3F999D}"
EndProject
Project("{2150E333-8FDC-42A3-9474-1A3956D46DE8}") = "API", "API", "{97C7FED0-CC3B-46E2-A685-ADB57B33CC19}"
EndProject
Project("{2150E333-8FDC-42A3-9474-1A3956D46DE8}") = "Core", "Core", "{7050F3FC-2A1D-4815-9040-32FCE33477EC}"
EndProject
Project("{2150E333-8FDC-42A3-9474-1A3956D46DE8}") = "Infraestructure", "Infraestructure", "{DBD173B1-4F1A-4D0D-A7B3-A787FE96D727}"
EndProject
Project("{9A19103F-16F7-4668-BE54-9A1E7A4F7556}") = "Litethinking.NetInventory.Backend.API", "CleanArchitecture.API\Litethinking.NetInventory.Backend.API.csproj", "{42E0CC7C-8462-43E8-A17E-382E1691E444}"
EndProject
Project("{9A19103F-16F7-4668-BE54-9A1E7A4F7556}") = "Litethinking.NetInventory.Backend.Application", "CleanAtchitecture.Aplication\Litethinking.NetInventory.Backend.Application.csproj", "{695C7D28-6213-4511-A094-9B417B766EF5}"
EndProject
Project("{9A19103F-16F7-4668-BE54-9A1E7A4F7556}") = "Litethinking.NetInventory.Backend.Identity", "CleanArchitecture.Identity\Litethinking.NetInventory.Backend.Identity.csproj", "{C8003E9F-6149-4D7E-A958-7CD0164C4694}"
EndProject
Project("{9A19103F-16F7-4668-BE54-9A1E7A4F7556}") = "Litethinking.NetInventory.Backend.Application.UnitTests", "CleanArchitecture.Application.UnitTests\Litethinking.NetInventory.Backend.Application.UnitTests.csproj", "{13A8C2B2-5C15-4A76-B44A-B5966E999861}"
EndProject
Project("{2150E333-8FDC-42A3-9474-1A3956D46DE8}") = "Solution Items", "Solution Items", "{7257AD45-5465-476C-A59B-94F000778ADB}"
	ProjectSection(SolutionItems) = preProject
		.editorconfig = .editorconfig
	EndProjectSection
EndProject
Global
	GlobalSection(SolutionConfigurationPlatforms) = preSolution
		Debug|Any CPU = Debug|Any CPU
		Release|Any CPU = Release|Any CPU
	EndGlobalSection
	GlobalSection(ProjectConfigurationPlatforms) = postSolution
		{AE51301E-611F-451A-8385-DC15FDF5DA2D}.Debug|Any CPU.ActiveCfg = Debug|Any CPU
		{AE51301E-611F-451A-8385-DC15FDF5DA2D}.Debug|Any CPU.Build.0 = Debug|Any CPU
		{AE51301E-611F-451A-8385-DC15FDF5DA2D}.Release|Any CPU.ActiveCfg = Release|Any CPU
		{AE51301E-611F-451A-8385-DC15FDF5DA2D}.Release|Any CPU.Build.0 = Release|Any CPU
		{336B1235-2D2A-4563-9E09-39DB29C238F2}.Debug|Any CPU.ActiveCfg = Debug|Any CPU
		{336B1235-2D2A-4563-9E09-39DB29C238F2}.Debug|Any CPU.Build.0 = Debug|Any CPU
		{336B1235-2D2A-4563-9E09-39DB29C238F2}.Release|Any CPU.ActiveCfg = Release|Any CPU
		{336B1235-2D2A-4563-9E09-39DB29C238F2}.Release|Any CPU.Build.0 = Release|Any CPU
		{42E0CC7C-8462-43E8-A17E-382E1691E444}.Debug|Any CPU.ActiveCfg = Debug|Any CPU
		{42E0CC7C-8462-43E8-A17E-382E1691E444}.Debug|Any CPU.Build.0 = Debug|Any CPU
		{42E0CC7C-8462-43E8-A17E-382E1691E444}.Release|Any CPU.ActiveCfg = Release|Any CPU
		{42E0CC7C-8462-43E8-A17E-382E1691E444}.Release|Any CPU.Build.0 = Release|Any CPU
		{695C7D28-6213-4511-A094-9B417B766EF5}.Debug|Any CPU.ActiveCfg = Debug|Any CPU
		{695C7D28-6213-4511-A094-9B417B766EF5}.Debug|Any CPU.Build.0 = Debug|Any CPU
		{695C7D28-6213-4511-A094-9B417B766EF5}.Release|Any CPU.ActiveCfg = Release|Any CPU
		{695C7D28-6213-4511-A094-9B417B766EF5}.Release|Any CPU.Build.0 = Release|Any CPU
		{C8003E9F-6149-4D7E-A958-7CD0164C4694}.Debug|Any CPU.ActiveCfg = Debug|Any CPU
		{C8003E9F-6149-4D7E-A958-7CD0164C4694}.Debug|Any CPU.Build.0 = Debug|Any CPU
		{C8003E9F-6149-4D7E-A958-7CD0164C4694}.Release|Any CPU.ActiveCfg = Release|Any CPU
		{C8003E9F-6149-4D7E-A958-7CD0164C4694}.Release|Any CPU.Build.0 = Release|Any CPU
		{13A8C2B2-5C15-4A76-B44A-B5966E999861}.Debug|Any CPU.ActiveCfg = Debug|Any CPU
		{13A8C2B2-5C15-4A76-B44A-B5966E999861}.Debug|Any CPU.Build.0 = Debug|Any CPU
		{13A8C2B2-5C15-4A76-B44A-B5966E999861}.Release|Any CPU.ActiveCfg = Release|Any CPU
		{13A8C2B2-5C15-4A76-B44A-B5966E999861}.Release|Any CPU.Build.0 = Release|Any CPU
	EndGlobalSection
	GlobalSection(SolutionProperties) = preSolution
		HideSolutionNode = FALSE
	EndGlobalSection
	GlobalSection(NestedProjects) = preSolution
		{AE51301E-611F-451A-8385-DC15FDF5DA2D} = {DBD173B1-4F1A-4D0D-A7B3-A787FE96D727}
		{336B1235-2D2A-4563-9E09-39DB29C238F2} = {7050F3FC-2A1D-4815-9040-32FCE33477EC}
		{97C7FED0-CC3B-46E2-A685-ADB57B33CC19} = {E28121F4-2546-4BA8-9D64-52C0853F6F70}
		{7050F3FC-2A1D-4815-9040-32FCE33477EC} = {E28121F4-2546-4BA8-9D64-52C0853F6F70}
		{DBD173B1-4F1A-4D0D-A7B3-A787FE96D727} = {E28121F4-2546-4BA8-9D64-52C0853F6F70}
		{42E0CC7C-8462-43E8-A17E-382E1691E444} = {97C7FED0-CC3B-46E2-A685-ADB57B33CC19}
		{695C7D28-6213-4511-A094-9B417B766EF5} = {7050F3FC-2A1D-4815-9040-32FCE33477EC}
		{C8003E9F-6149-4D7E-A958-7CD0164C4694} = {DBD173B1-4F1A-4D0D-A7B3-A787FE96D727}
		{13A8C2B2-5C15-4A76-B44A-B5966E999861} = {F0F165CB-5A98-4098-A596-A0BB8B3F999D}
	EndGlobalSection
	GlobalSection(ExtensibilityGlobals) = postSolution
		SolutionGuid = {60209182-FA83-40EF-AD79-1FA4D77472C5}
	EndGlobalSection
EndGlobal
